// !$*UTF8*$!
{
	archiveVersion = 1;
	classes = {
	};
	objectVersion = 77;
	objects = {

/* Begin PBXBuildFile section */
		5D2E35F82EA1532C00B2632F /* CharacterCardView.swift in Sources */ = {isa = PBXBuildFile; fileRef = 5D2E35F72EA1532C00B2632F /* CharacterCardView.swift */; };
		5D44F2602EA6997600A59398 /* CharacterDetailResponseModel.swift in Sources */ = {isa = PBXBuildFile; fileRef = 5D44F25F2EA6997000A59398 /* CharacterDetailResponseModel.swift */; };
		5D44F2622EA699E700A59398 /* CharacterDetailRepository.swift in Sources */ = {isa = PBXBuildFile; fileRef = 5D44F2612EA699DD00A59398 /* CharacterDetailRepository.swift */; };
		5D44F2642EA69A0100A59398 /* CharacterDetailDataSource.swift in Sources */ = {isa = PBXBuildFile; fileRef = 5D44F2632EA699FA00A59398 /* CharacterDetailDataSource.swift */; };
		5D44F2662EA69BCC00A59398 /* CharacterDetailRepositoryProtocol.swift in Sources */ = {isa = PBXBuildFile; fileRef = 5D44F2652EA69BC400A59398 /* CharacterDetailRepositoryProtocol.swift */; };
		5D44F2682EA69C9000A59398 /* GetCharacterDetailUseCase.swift in Sources */ = {isa = PBXBuildFile; fileRef = 5D44F2672EA69C8900A59398 /* GetCharacterDetailUseCase.swift */; };
		5D5310042EA4550900CFCF27 /* EpisodeEntity.swift in Sources */ = {isa = PBXBuildFile; fileRef = 5D5310032EA4550900CFCF27 /* EpisodeEntity.swift */; };
		5D5310082EA455FB00CFCF27 /* EpisodeDetailDataSource.swift in Sources */ = {isa = PBXBuildFile; fileRef = 5D5310072EA455F300CFCF27 /* EpisodeDetailDataSource.swift */; };
		5D53100A2EA457A200CFCF27 /* EpisodeDetailRepository.swift in Sources */ = {isa = PBXBuildFile; fileRef = 5D5310092EA4579A00CFCF27 /* EpisodeDetailRepository.swift */; };
		5D53100C2EA4583700CFCF27 /* EpisodeDetailRepositoryProtocol.swift in Sources */ = {isa = PBXBuildFile; fileRef = 5D53100B2EA4582C00CFCF27 /* EpisodeDetailRepositoryProtocol.swift */; };
		5D53100E2EA4591F00CFCF27 /* GetEpisodeDetailUseCase.swift in Sources */ = {isa = PBXBuildFile; fileRef = 5D53100D2EA4591600CFCF27 /* GetEpisodeDetailUseCase.swift */; };
		5D5310122EA459A500CFCF27 /* EpisodeDetailViewModel.swift in Sources */ = {isa = PBXBuildFile; fileRef = 5D5310112EA4599F00CFCF27 /* EpisodeDetailViewModel.swift */; };
		5D5310142EA45BA300CFCF27 /* EpisodeDetailView.swift in Sources */ = {isa = PBXBuildFile; fileRef = 5D5310132EA45BA300CFCF27 /* EpisodeDetailView.swift */; };
		5D5BAE312EA4638000568B09 /* EpisodesHorizontalSectionView.swift in Sources */ = {isa = PBXBuildFile; fileRef = 5D5BAE302EA4638000568B09 /* EpisodesHorizontalSectionView.swift */; };
		5D5BAE332EA463D000568B09 /* CharacterEpisodeCardView.swift in Sources */ = {isa = PBXBuildFile; fileRef = 5D5BAE322EA463D000568B09 /* CharacterEpisodeCardView.swift */; };
		5D5BAE352EA463F800568B09 /* CharacterMoreInfoView.swift in Sources */ = {isa = PBXBuildFile; fileRef = 5D5BAE342EA463F800568B09 /* CharacterMoreInfoView.swift */; };
		5D5BAE372EA464FE00568B09 /* Utils.swift in Sources */ = {isa = PBXBuildFile; fileRef = 5D5BAE362EA464FC00568B09 /* Utils.swift */; };
		5D84CF852EA0F78500D4D4E8 /* RickAndMortyUITests.swift in Sources */ = {isa = PBXBuildFile; fileRef = 5D84CF822EA0F78500D4D4E8 /* RickAndMortyUITests.swift */; };
		5D84CF862EA0F78500D4D4E8 /* RickAndMortyUITestsLaunchTests.swift in Sources */ = {isa = PBXBuildFile; fileRef = 5D84CF832EA0F78500D4D4E8 /* RickAndMortyUITestsLaunchTests.swift */; };
		5D84CF892EA0F78500D4D4E8 /* RickAndMortyTests.swift in Sources */ = {isa = PBXBuildFile; fileRef = 5D84CF872EA0F78500D4D4E8 /* RickAndMortyTests.swift */; };
		5D84CF8F2EA0F78500D4D4E8 /* ContentView.swift in Sources */ = {isa = PBXBuildFile; fileRef = 5D84CF8C2EA0F78500D4D4E8 /* ContentView.swift */; };
		5D84CF902EA0F78500D4D4E8 /* RickAndMortyApp.swift in Sources */ = {isa = PBXBuildFile; fileRef = 5D84CF8D2EA0F78500D4D4E8 /* RickAndMortyApp.swift */; };
		5D84CF912EA0F78500D4D4E8 /* Assets.xcassets in Resources */ = {isa = PBXBuildFile; fileRef = 5D84CF8A2EA0F78500D4D4E8 /* Assets.xcassets */; };
		5D84CF972EA0F81600D4D4E8 /* CharacterEntity.swift in Sources */ = {isa = PBXBuildFile; fileRef = 5D84CF962EA0F80F00D4D4E8 /* CharacterEntity.swift */; };
		5D84CF992EA0FBAF00D4D4E8 /* LocationCharacterEntity.swift in Sources */ = {isa = PBXBuildFile; fileRef = 5D84CF982EA0FBAA00D4D4E8 /* LocationCharacterEntity.swift */; };
		5D84CF9F2EA100DF00D4D4E8 /* Constants.swift in Sources */ = {isa = PBXBuildFile; fileRef = 5D84CF9E2EA100DC00D4D4E8 /* Constants.swift */; };
		5D84CFA12EA1044000D4D4E8 /* CharacterListResponseModel.swift in Sources */ = {isa = PBXBuildFile; fileRef = 5D84CFA02EA1043B00D4D4E8 /* CharacterListResponseModel.swift */; };
		5D84CFBF2EA10E7B00D4D4E8 /* NetworkUtils.swift in Sources */ = {isa = PBXBuildFile; fileRef = 5D84CFBE2EA10E7B00D4D4E8 /* NetworkUtils.swift */; };
		5D84CFC22EA10F3300D4D4E8 /* LoggerExtension.swift in Sources */ = {isa = PBXBuildFile; fileRef = 5D84CFC12EA10F1F00D4D4E8 /* LoggerExtension.swift */; };
		5D84CFC42EA10FFD00D4D4E8 /* CharacterListDataSource.swift in Sources */ = {isa = PBXBuildFile; fileRef = 5D84CFC32EA10FF700D4D4E8 /* CharacterListDataSource.swift */; };
		5D84CFC62EA1117300D4D4E8 /* CharacterListRepository.swift in Sources */ = {isa = PBXBuildFile; fileRef = 5D84CFC52EA1117300D4D4E8 /* CharacterListRepository.swift */; };
		5D84CFCC2EA111E600D4D4E8 /* CharacterListRepositoryProtocol.swift in Sources */ = {isa = PBXBuildFile; fileRef = 5D84CFCB2EA111E600D4D4E8 /* CharacterListRepositoryProtocol.swift */; };
		5D84CFCE2EA1140A00D4D4E8 /* GetCharacterListUseCase.swift in Sources */ = {isa = PBXBuildFile; fileRef = 5D84CFCD2EA1140A00D4D4E8 /* GetCharacterListUseCase.swift */; };
		5D84CFD22EA1187900D4D4E8 /* CharacterListView.swift in Sources */ = {isa = PBXBuildFile; fileRef = 5D84CFD12EA1187900D4D4E8 /* CharacterListView.swift */; };
		5D84CFD52EA1189400D4D4E8 /* CharacterListViewModel.swift in Sources */ = {isa = PBXBuildFile; fileRef = 5D84CFD42EA1188E00D4D4E8 /* CharacterListViewModel.swift */; };
		5D84D0142EA148B000D4D4E8 /* LocalizedUtils.swift in Sources */ = {isa = PBXBuildFile; fileRef = 5D84D00F2EA148B000D4D4E8 /* LocalizedUtils.swift */; };
		5D84D0152EA148B000D4D4E8 /* L10n.swift in Sources */ = {isa = PBXBuildFile; fileRef = 5D84D00E2EA148B000D4D4E8 /* L10n.swift */; };
		5D84D0162EA148B000D4D4E8 /* Localizable.strings in Resources */ = {isa = PBXBuildFile; fileRef = 5D84D0122EA148B000D4D4E8 /* Localizable.strings */; };
		5D870F622EA4725900F04CD3 /* CharactersVerticalSectionView.swift in Sources */ = {isa = PBXBuildFile; fileRef = 5D870F612EA4724E00F04CD3 /* CharactersVerticalSectionView.swift */; };
		5D870F642EA4730700F04CD3 /* CharacterEpisodeSectionCardView.swift in Sources */ = {isa = PBXBuildFile; fileRef = 5D870F632EA4730700F04CD3 /* CharacterEpisodeSectionCardView.swift */; };
		5DB11FFE2EA76E8000942875 /* ImageExtension.swift in Sources */ = {isa = PBXBuildFile; fileRef = 5DB11FFD2EA76E7B00942875 /* ImageExtension.swift */; };
		5DB120032EA77DD300942875 /* Info.swift in Sources */ = {isa = PBXBuildFile; fileRef = 5DB120022EA77DD300942875 /* Info.swift */; };
		5DB120052EA77DEC00942875 /* EpisodeListResponseModel.swift in Sources */ = {isa = PBXBuildFile; fileRef = 5DB120042EA77DE400942875 /* EpisodeListResponseModel.swift */; };
		5DB120092EA77E3700942875 /* EpisodeListDataSource.swift in Sources */ = {isa = PBXBuildFile; fileRef = 5DB120082EA77E3200942875 /* EpisodeListDataSource.swift */; };
		5DB1200B2EA77EEC00942875 /* EpisodeListRepository.swift in Sources */ = {isa = PBXBuildFile; fileRef = 5DB1200A2EA77EDF00942875 /* EpisodeListRepository.swift */; };
		5DB1200F2EA77F1E00942875 /* EpisodeListRepositoryProtocol.swift in Sources */ = {isa = PBXBuildFile; fileRef = 5DB1200E2EA77F1400942875 /* EpisodeListRepositoryProtocol.swift */; };
		5DB120122EA785C000942875 /* GetEpisodeListUseCase.swift in Sources */ = {isa = PBXBuildFile; fileRef = 5DB120112EA785B800942875 /* GetEpisodeListUseCase.swift */; };
		5DB120172EA7863500942875 /* EpisodeListView.swift in Sources */ = {isa = PBXBuildFile; fileRef = 5DB120162EA7862F00942875 /* EpisodeListView.swift */; };
		5DB120192EA7865600942875 /* EpisodeListViewModel.swift in Sources */ = {isa = PBXBuildFile; fileRef = 5DB120182EA7865000942875 /* EpisodeListViewModel.swift */; };
		5DB1201D2EA788D200942875 /* EpisodeCardView.swift in Sources */ = {isa = PBXBuildFile; fileRef = 5DB1201C2EA788D200942875 /* EpisodeCardView.swift */; };
		5DB1202A2EA7AC8900942875 /* FancyButton.swift in Sources */ = {isa = PBXBuildFile; fileRef = 5DB120292EA7AC8900942875 /* FancyButton.swift */; };
		5DB1202C2EA7AE7400942875 /* PressableButtonStyle.swift in Sources */ = {isa = PBXBuildFile; fileRef = 5DB1202B2EA7AE7400942875 /* PressableButtonStyle.swift */; };
		5DCA97FF2EA2771200D9D7FE /* CharacterDetailView.swift in Sources */ = {isa = PBXBuildFile; fileRef = 5DCA97FE2EA2771200D9D7FE /* CharacterDetailView.swift */; };
		5DCA98012EA2779B00D9D7FE /* CharacterDetailViewModel.swift in Sources */ = {isa = PBXBuildFile; fileRef = 5DCA98002EA2779300D9D7FE /* CharacterDetailViewModel.swift */; };
		5DD06D662EA8CF5E00B37EFC /* LocationListResponseModel.swift in Sources */ = {isa = PBXBuildFile; fileRef = 5DD06D652EA8CF5500B37EFC /* LocationListResponseModel.swift */; };
		5DD06D6B2EA8CFE300B37EFC /* LocationEntity.swift in Sources */ = {isa = PBXBuildFile; fileRef = 5DD06D6A2EA8CFDF00B37EFC /* LocationEntity.swift */; };
		5DD06D6D2EA8D05300B37EFC /* LocationListDataSource.swift in Sources */ = {isa = PBXBuildFile; fileRef = 5DD06D6C2EA8D04C00B37EFC /* LocationListDataSource.swift */; };
		5DD06D6F2EA8D13500B37EFC /* LocationListRepository.swift in Sources */ = {isa = PBXBuildFile; fileRef = 5DD06D6E2EA8D12C00B37EFC /* LocationListRepository.swift */; };
		5DD06D712EA8D14400B37EFC /* LocationListRepositoryProtocol.swift in Sources */ = {isa = PBXBuildFile; fileRef = 5DD06D702EA8D13D00B37EFC /* LocationListRepositoryProtocol.swift */; };
		5DD06D732EA8D26B00B37EFC /* GetLocationListUseCase.swift in Sources */ = {isa = PBXBuildFile; fileRef = 5DD06D722EA8D25E00B37EFC /* GetLocationListUseCase.swift */; };
		5DD06D772EA8D2DE00B37EFC /* LocationListViewModel.swift in Sources */ = {isa = PBXBuildFile; fileRef = 5DD06D762EA8D2DE00B37EFC /* LocationListViewModel.swift */; };
		5DD06D792EA8D37A00B37EFC /* LocationListView.swift in Sources */ = {isa = PBXBuildFile; fileRef = 5DD06D782EA8D37500B37EFC /* LocationListView.swift */; };
		5DD06D7B2EA8D3FE00B37EFC /* LocationCardView.swift in Sources */ = {isa = PBXBuildFile; fileRef = 5DD06D7A2EA8D3F800B37EFC /* LocationCardView.swift */; };
		5DD06D862EA8DEBC00B37EFC /* LocationDetailDataSource.swift in Sources */ = {isa = PBXBuildFile; fileRef = 5DD06D852EA8DEB500B37EFC /* LocationDetailDataSource.swift */; };
		5DD06D8B2EA8DF3D00B37EFC /* LocationDetailRepositoryProtocol.swift in Sources */ = {isa = PBXBuildFile; fileRef = 5DD06D8A2EA8DF3100B37EFC /* LocationDetailRepositoryProtocol.swift */; };
		5DD06D8D2EA8DF4E00B37EFC /* LocationDetailRepository.swift in Sources */ = {isa = PBXBuildFile; fileRef = 5DD06D8C2EA8DF4300B37EFC /* LocationDetailRepository.swift */; };
		5DD06D8F2EA8DFE200B37EFC /* GetLocationDetailUseCase.swift in Sources */ = {isa = PBXBuildFile; fileRef = 5DD06D8E2EA8DFDC00B37EFC /* GetLocationDetailUseCase.swift */; };
		5DD06D932EA8E04100B37EFC /* LocationDetailViewModel.swift in Sources */ = {isa = PBXBuildFile; fileRef = 5DD06D922EA8E03A00B37EFC /* LocationDetailViewModel.swift */; };
		5DD06D952EA8E11200B37EFC /* LocationDetailView.swift in Sources */ = {isa = PBXBuildFile; fileRef = 5DD06D942EA8E10D00B37EFC /* LocationDetailView.swift */; };
		5DD06D972EA8E20100B37EFC /* LocationHeaderView.swift in Sources */ = {isa = PBXBuildFile; fileRef = 5DD06D962EA8E1FA00B37EFC /* LocationHeaderView.swift */; };
		5DDC404D2EA8EAFA00BC2430 /* EpisodeHeaderView.swift in Sources */ = {isa = PBXBuildFile; fileRef = 5DDC404C2EA8EAEB00BC2430 /* EpisodeHeaderView.swift */; };
		5DE95FF52EA6191300B4D662 /* EpisodeCharacterEntity.swift in Sources */ = {isa = PBXBuildFile; fileRef = 5DE95FF42EA6190900B4D662 /* EpisodeCharacterEntity.swift */; };
		5DE95FF72EA623BE00B4D662 /* Colors.xcassets in Resources */ = {isa = PBXBuildFile; fileRef = 5DE95FF62EA623BE00B4D662 /* Colors.xcassets */; };
		5DE960022EA6251500B4D662 /* ColorExtension.swift in Sources */ = {isa = PBXBuildFile; fileRef = 5DE960012EA6250C00B4D662 /* ColorExtension.swift */; };
		5DE960042EA6627F00B4D662 /* CharacterHeaderView.swift in Sources */ = {isa = PBXBuildFile; fileRef = 5DE960032EA6627F00B4D662 /* CharacterHeaderView.swift */; };
		5DE960092EA6645900B4D662 /* StatusBadgeView.swift in Sources */ = {isa = PBXBuildFile; fileRef = 5DE960082EA6645900B4D662 /* StatusBadgeView.swift */; };
/* End PBXBuildFile section */

/* Begin PBXContainerItemProxy section */
		5D3477722EA0F36D00E9CA25 /* PBXContainerItemProxy */ = {
			isa = PBXContainerItemProxy;
			containerPortal = 5D34775C2EA0F36900E9CA25 /* Project object */;
			proxyType = 1;
			remoteGlobalIDString = 5D3477632EA0F36900E9CA25;
			remoteInfo = RickAndMorty;
		};
		5D34777C2EA0F36D00E9CA25 /* PBXContainerItemProxy */ = {
			isa = PBXContainerItemProxy;
			containerPortal = 5D34775C2EA0F36900E9CA25 /* Project object */;
			proxyType = 1;
			remoteGlobalIDString = 5D3477632EA0F36900E9CA25;
			remoteInfo = RickAndMorty;
		};
/* End PBXContainerItemProxy section */

/* Begin PBXFileReference section */
		5D2E35F72EA1532C00B2632F /* CharacterCardView.swift */ = {isa = PBXFileReference; lastKnownFileType = sourcecode.swift; path = CharacterCardView.swift; sourceTree = "<group>"; };
		5D3477642EA0F36900E9CA25 /* RickAndMorty.app */ = {isa = PBXFileReference; explicitFileType = wrapper.application; includeInIndex = 0; path = RickAndMorty.app; sourceTree = BUILT_PRODUCTS_DIR; };
		5D3477712EA0F36D00E9CA25 /* RickAndMortyTests.xctest */ = {isa = PBXFileReference; explicitFileType = wrapper.cfbundle; includeInIndex = 0; path = RickAndMortyTests.xctest; sourceTree = BUILT_PRODUCTS_DIR; };
		5D34777B2EA0F36D00E9CA25 /* RickAndMortyUITests.xctest */ = {isa = PBXFileReference; explicitFileType = wrapper.cfbundle; includeInIndex = 0; path = RickAndMortyUITests.xctest; sourceTree = BUILT_PRODUCTS_DIR; };
		5D44F25F2EA6997000A59398 /* CharacterDetailResponseModel.swift */ = {isa = PBXFileReference; lastKnownFileType = sourcecode.swift; path = CharacterDetailResponseModel.swift; sourceTree = "<group>"; };
		5D44F2612EA699DD00A59398 /* CharacterDetailRepository.swift */ = {isa = PBXFileReference; lastKnownFileType = sourcecode.swift; path = CharacterDetailRepository.swift; sourceTree = "<group>"; };
		5D44F2632EA699FA00A59398 /* CharacterDetailDataSource.swift */ = {isa = PBXFileReference; lastKnownFileType = sourcecode.swift; path = CharacterDetailDataSource.swift; sourceTree = "<group>"; };
		5D44F2652EA69BC400A59398 /* CharacterDetailRepositoryProtocol.swift */ = {isa = PBXFileReference; lastKnownFileType = sourcecode.swift; path = CharacterDetailRepositoryProtocol.swift; sourceTree = "<group>"; };
		5D44F2672EA69C8900A59398 /* GetCharacterDetailUseCase.swift */ = {isa = PBXFileReference; lastKnownFileType = sourcecode.swift; path = GetCharacterDetailUseCase.swift; sourceTree = "<group>"; };
		5D5310032EA4550900CFCF27 /* EpisodeEntity.swift */ = {isa = PBXFileReference; lastKnownFileType = sourcecode.swift; path = EpisodeEntity.swift; sourceTree = "<group>"; };
		5D5310072EA455F300CFCF27 /* EpisodeDetailDataSource.swift */ = {isa = PBXFileReference; lastKnownFileType = sourcecode.swift; path = EpisodeDetailDataSource.swift; sourceTree = "<group>"; };
		5D5310092EA4579A00CFCF27 /* EpisodeDetailRepository.swift */ = {isa = PBXFileReference; lastKnownFileType = sourcecode.swift; path = EpisodeDetailRepository.swift; sourceTree = "<group>"; };
		5D53100B2EA4582C00CFCF27 /* EpisodeDetailRepositoryProtocol.swift */ = {isa = PBXFileReference; lastKnownFileType = sourcecode.swift; path = EpisodeDetailRepositoryProtocol.swift; sourceTree = "<group>"; };
		5D53100D2EA4591600CFCF27 /* GetEpisodeDetailUseCase.swift */ = {isa = PBXFileReference; lastKnownFileType = sourcecode.swift; path = GetEpisodeDetailUseCase.swift; sourceTree = "<group>"; };
		5D5310112EA4599F00CFCF27 /* EpisodeDetailViewModel.swift */ = {isa = PBXFileReference; lastKnownFileType = sourcecode.swift; path = EpisodeDetailViewModel.swift; sourceTree = "<group>"; };
		5D5310132EA45BA300CFCF27 /* EpisodeDetailView.swift */ = {isa = PBXFileReference; lastKnownFileType = sourcecode.swift; path = EpisodeDetailView.swift; sourceTree = "<group>"; };
		5D5BAE302EA4638000568B09 /* EpisodesHorizontalSectionView.swift */ = {isa = PBXFileReference; lastKnownFileType = sourcecode.swift; path = EpisodesHorizontalSectionView.swift; sourceTree = "<group>"; };
		5D5BAE322EA463D000568B09 /* CharacterEpisodeCardView.swift */ = {isa = PBXFileReference; lastKnownFileType = sourcecode.swift; path = CharacterEpisodeCardView.swift; sourceTree = "<group>"; };
		5D5BAE342EA463F800568B09 /* CharacterMoreInfoView.swift */ = {isa = PBXFileReference; lastKnownFileType = sourcecode.swift; path = CharacterMoreInfoView.swift; sourceTree = "<group>"; };
		5D5BAE362EA464FC00568B09 /* Utils.swift */ = {isa = PBXFileReference; lastKnownFileType = sourcecode.swift; path = Utils.swift; sourceTree = "<group>"; };
		5D84CF822EA0F78500D4D4E8 /* RickAndMortyUITests.swift */ = {isa = PBXFileReference; lastKnownFileType = sourcecode.swift; path = RickAndMortyUITests.swift; sourceTree = "<group>"; };
		5D84CF832EA0F78500D4D4E8 /* RickAndMortyUITestsLaunchTests.swift */ = {isa = PBXFileReference; lastKnownFileType = sourcecode.swift; path = RickAndMortyUITestsLaunchTests.swift; sourceTree = "<group>"; };
		5D84CF872EA0F78500D4D4E8 /* RickAndMortyTests.swift */ = {isa = PBXFileReference; lastKnownFileType = sourcecode.swift; path = RickAndMortyTests.swift; sourceTree = "<group>"; };
		5D84CF8A2EA0F78500D4D4E8 /* Assets.xcassets */ = {isa = PBXFileReference; lastKnownFileType = folder.assetcatalog; path = Assets.xcassets; sourceTree = "<group>"; };
		5D84CF8C2EA0F78500D4D4E8 /* ContentView.swift */ = {isa = PBXFileReference; lastKnownFileType = sourcecode.swift; path = ContentView.swift; sourceTree = "<group>"; };
		5D84CF8D2EA0F78500D4D4E8 /* RickAndMortyApp.swift */ = {isa = PBXFileReference; lastKnownFileType = sourcecode.swift; path = RickAndMortyApp.swift; sourceTree = "<group>"; };
		5D84CF962EA0F80F00D4D4E8 /* CharacterEntity.swift */ = {isa = PBXFileReference; lastKnownFileType = sourcecode.swift; path = CharacterEntity.swift; sourceTree = "<group>"; };
		5D84CF982EA0FBAA00D4D4E8 /* LocationCharacterEntity.swift */ = {isa = PBXFileReference; lastKnownFileType = sourcecode.swift; path = LocationCharacterEntity.swift; sourceTree = "<group>"; };
		5D84CF9E2EA100DC00D4D4E8 /* Constants.swift */ = {isa = PBXFileReference; lastKnownFileType = sourcecode.swift; path = Constants.swift; sourceTree = "<group>"; };
		5D84CFA02EA1043B00D4D4E8 /* CharacterListResponseModel.swift */ = {isa = PBXFileReference; lastKnownFileType = sourcecode.swift; path = CharacterListResponseModel.swift; sourceTree = "<group>"; };
		5D84CFBE2EA10E7B00D4D4E8 /* NetworkUtils.swift */ = {isa = PBXFileReference; lastKnownFileType = sourcecode.swift; path = NetworkUtils.swift; sourceTree = "<group>"; };
		5D84CFC12EA10F1F00D4D4E8 /* LoggerExtension.swift */ = {isa = PBXFileReference; lastKnownFileType = sourcecode.swift; path = LoggerExtension.swift; sourceTree = "<group>"; };
		5D84CFC32EA10FF700D4D4E8 /* CharacterListDataSource.swift */ = {isa = PBXFileReference; lastKnownFileType = sourcecode.swift; path = CharacterListDataSource.swift; sourceTree = "<group>"; };
		5D84CFC52EA1117300D4D4E8 /* CharacterListRepository.swift */ = {isa = PBXFileReference; lastKnownFileType = sourcecode.swift; path = CharacterListRepository.swift; sourceTree = "<group>"; };
		5D84CFCB2EA111E600D4D4E8 /* CharacterListRepositoryProtocol.swift */ = {isa = PBXFileReference; lastKnownFileType = sourcecode.swift; path = CharacterListRepositoryProtocol.swift; sourceTree = "<group>"; };
		5D84CFCD2EA1140A00D4D4E8 /* GetCharacterListUseCase.swift */ = {isa = PBXFileReference; lastKnownFileType = sourcecode.swift; path = GetCharacterListUseCase.swift; sourceTree = "<group>"; };
		5D84CFD12EA1187900D4D4E8 /* CharacterListView.swift */ = {isa = PBXFileReference; lastKnownFileType = sourcecode.swift; path = CharacterListView.swift; sourceTree = "<group>"; };
		5D84CFD42EA1188E00D4D4E8 /* CharacterListViewModel.swift */ = {isa = PBXFileReference; lastKnownFileType = sourcecode.swift; path = CharacterListViewModel.swift; sourceTree = "<group>"; };
		5D84D00E2EA148B000D4D4E8 /* L10n.swift */ = {isa = PBXFileReference; lastKnownFileType = sourcecode.swift; path = L10n.swift; sourceTree = "<group>"; };
		5D84D00F2EA148B000D4D4E8 /* LocalizedUtils.swift */ = {isa = PBXFileReference; lastKnownFileType = sourcecode.swift; path = LocalizedUtils.swift; sourceTree = "<group>"; };
		5D84D0102EA148B000D4D4E8 /* Localizable.strings */ = {isa = PBXFileReference; lastKnownFileType = text.plist.strings; name = Localizable.strings; path = en.lproj/Localizable.strings; sourceTree = "<group>"; };
		5D84D0112EA148B000D4D4E8 /* Localizable.strings */ = {isa = PBXFileReference; lastKnownFileType = text.plist.strings; name = Localizable.strings; path = es.lproj/Localizable.strings; sourceTree = "<group>"; };
		5D870F612EA4724E00F04CD3 /* CharactersVerticalSectionView.swift */ = {isa = PBXFileReference; lastKnownFileType = sourcecode.swift; path = CharactersVerticalSectionView.swift; sourceTree = "<group>"; };
		5D870F632EA4730700F04CD3 /* CharacterEpisodeSectionCardView.swift */ = {isa = PBXFileReference; lastKnownFileType = sourcecode.swift; path = CharacterEpisodeSectionCardView.swift; sourceTree = "<group>"; };
		5DB11FFD2EA76E7B00942875 /* ImageExtension.swift */ = {isa = PBXFileReference; lastKnownFileType = sourcecode.swift; path = ImageExtension.swift; sourceTree = "<group>"; };
		5DB120022EA77DD300942875 /* Info.swift */ = {isa = PBXFileReference; lastKnownFileType = sourcecode.swift; path = Info.swift; sourceTree = "<group>"; };
		5DB120042EA77DE400942875 /* EpisodeListResponseModel.swift */ = {isa = PBXFileReference; lastKnownFileType = sourcecode.swift; path = EpisodeListResponseModel.swift; sourceTree = "<group>"; };
		5DB120082EA77E3200942875 /* EpisodeListDataSource.swift */ = {isa = PBXFileReference; lastKnownFileType = sourcecode.swift; path = EpisodeListDataSource.swift; sourceTree = "<group>"; };
		5DB1200A2EA77EDF00942875 /* EpisodeListRepository.swift */ = {isa = PBXFileReference; lastKnownFileType = sourcecode.swift; path = EpisodeListRepository.swift; sourceTree = "<group>"; };
		5DB1200E2EA77F1400942875 /* EpisodeListRepositoryProtocol.swift */ = {isa = PBXFileReference; lastKnownFileType = sourcecode.swift; path = EpisodeListRepositoryProtocol.swift; sourceTree = "<group>"; };
		5DB120112EA785B800942875 /* GetEpisodeListUseCase.swift */ = {isa = PBXFileReference; lastKnownFileType = sourcecode.swift; path = GetEpisodeListUseCase.swift; sourceTree = "<group>"; };
		5DB120162EA7862F00942875 /* EpisodeListView.swift */ = {isa = PBXFileReference; lastKnownFileType = sourcecode.swift; path = EpisodeListView.swift; sourceTree = "<group>"; };
		5DB120182EA7865000942875 /* EpisodeListViewModel.swift */ = {isa = PBXFileReference; lastKnownFileType = sourcecode.swift; path = EpisodeListViewModel.swift; sourceTree = "<group>"; };
		5DB1201C2EA788D200942875 /* EpisodeCardView.swift */ = {isa = PBXFileReference; lastKnownFileType = sourcecode.swift; path = EpisodeCardView.swift; sourceTree = "<group>"; };
		5DB120292EA7AC8900942875 /* FancyButton.swift */ = {isa = PBXFileReference; lastKnownFileType = sourcecode.swift; path = FancyButton.swift; sourceTree = "<group>"; };
		5DB1202B2EA7AE7400942875 /* PressableButtonStyle.swift */ = {isa = PBXFileReference; lastKnownFileType = sourcecode.swift; path = PressableButtonStyle.swift; sourceTree = "<group>"; };
		5DCA97FE2EA2771200D9D7FE /* CharacterDetailView.swift */ = {isa = PBXFileReference; lastKnownFileType = sourcecode.swift; path = CharacterDetailView.swift; sourceTree = "<group>"; };
		5DCA98002EA2779300D9D7FE /* CharacterDetailViewModel.swift */ = {isa = PBXFileReference; lastKnownFileType = sourcecode.swift; path = CharacterDetailViewModel.swift; sourceTree = "<group>"; };
		5DD06D652EA8CF5500B37EFC /* LocationListResponseModel.swift */ = {isa = PBXFileReference; lastKnownFileType = sourcecode.swift; path = LocationListResponseModel.swift; sourceTree = "<group>"; };
		5DD06D6A2EA8CFDF00B37EFC /* LocationEntity.swift */ = {isa = PBXFileReference; lastKnownFileType = sourcecode.swift; path = LocationEntity.swift; sourceTree = "<group>"; };
		5DD06D6C2EA8D04C00B37EFC /* LocationListDataSource.swift */ = {isa = PBXFileReference; lastKnownFileType = sourcecode.swift; path = LocationListDataSource.swift; sourceTree = "<group>"; };
		5DD06D6E2EA8D12C00B37EFC /* LocationListRepository.swift */ = {isa = PBXFileReference; lastKnownFileType = sourcecode.swift; path = LocationListRepository.swift; sourceTree = "<group>"; };
		5DD06D702EA8D13D00B37EFC /* LocationListRepositoryProtocol.swift */ = {isa = PBXFileReference; lastKnownFileType = sourcecode.swift; path = LocationListRepositoryProtocol.swift; sourceTree = "<group>"; };
		5DD06D722EA8D25E00B37EFC /* GetLocationListUseCase.swift */ = {isa = PBXFileReference; lastKnownFileType = sourcecode.swift; path = GetLocationListUseCase.swift; sourceTree = "<group>"; };
		5DD06D762EA8D2DE00B37EFC /* LocationListViewModel.swift */ = {isa = PBXFileReference; lastKnownFileType = sourcecode.swift; path = LocationListViewModel.swift; sourceTree = "<group>"; };
		5DD06D782EA8D37500B37EFC /* LocationListView.swift */ = {isa = PBXFileReference; lastKnownFileType = sourcecode.swift; path = LocationListView.swift; sourceTree = "<group>"; };
		5DD06D7A2EA8D3F800B37EFC /* LocationCardView.swift */ = {isa = PBXFileReference; lastKnownFileType = sourcecode.swift; path = LocationCardView.swift; sourceTree = "<group>"; };
		5DD06D852EA8DEB500B37EFC /* LocationDetailDataSource.swift */ = {isa = PBXFileReference; lastKnownFileType = sourcecode.swift; path = LocationDetailDataSource.swift; sourceTree = "<group>"; };
		5DD06D8A2EA8DF3100B37EFC /* LocationDetailRepositoryProtocol.swift */ = {isa = PBXFileReference; lastKnownFileType = sourcecode.swift; path = LocationDetailRepositoryProtocol.swift; sourceTree = "<group>"; };
		5DD06D8C2EA8DF4300B37EFC /* LocationDetailRepository.swift */ = {isa = PBXFileReference; lastKnownFileType = sourcecode.swift; path = LocationDetailRepository.swift; sourceTree = "<group>"; };
		5DD06D8E2EA8DFDC00B37EFC /* GetLocationDetailUseCase.swift */ = {isa = PBXFileReference; lastKnownFileType = sourcecode.swift; path = GetLocationDetailUseCase.swift; sourceTree = "<group>"; };
		5DD06D922EA8E03A00B37EFC /* LocationDetailViewModel.swift */ = {isa = PBXFileReference; lastKnownFileType = sourcecode.swift; path = LocationDetailViewModel.swift; sourceTree = "<group>"; };
		5DD06D942EA8E10D00B37EFC /* LocationDetailView.swift */ = {isa = PBXFileReference; lastKnownFileType = sourcecode.swift; path = LocationDetailView.swift; sourceTree = "<group>"; };
		5DD06D962EA8E1FA00B37EFC /* LocationHeaderView.swift */ = {isa = PBXFileReference; lastKnownFileType = sourcecode.swift; path = LocationHeaderView.swift; sourceTree = "<group>"; };
		5DDC404C2EA8EAEB00BC2430 /* EpisodeHeaderView.swift */ = {isa = PBXFileReference; lastKnownFileType = sourcecode.swift; path = EpisodeHeaderView.swift; sourceTree = "<group>"; };
		5DE95FF42EA6190900B4D662 /* EpisodeCharacterEntity.swift */ = {isa = PBXFileReference; lastKnownFileType = sourcecode.swift; path = EpisodeCharacterEntity.swift; sourceTree = "<group>"; };
		5DE95FF62EA623BE00B4D662 /* Colors.xcassets */ = {isa = PBXFileReference; lastKnownFileType = folder.assetcatalog; path = Colors.xcassets; sourceTree = "<group>"; };
		5DE960012EA6250C00B4D662 /* ColorExtension.swift */ = {isa = PBXFileReference; lastKnownFileType = sourcecode.swift; path = ColorExtension.swift; sourceTree = "<group>"; };
		5DE960032EA6627F00B4D662 /* CharacterHeaderView.swift */ = {isa = PBXFileReference; lastKnownFileType = sourcecode.swift; path = CharacterHeaderView.swift; sourceTree = "<group>"; };
		5DE960082EA6645900B4D662 /* StatusBadgeView.swift */ = {isa = PBXFileReference; lastKnownFileType = sourcecode.swift; path = StatusBadgeView.swift; sourceTree = "<group>"; };
/* End PBXFileReference section */

/* Begin PBXFrameworksBuildPhase section */
		5D3477612EA0F36900E9CA25 /* Frameworks */ = {
			isa = PBXFrameworksBuildPhase;
			buildActionMask = 2147483647;
			files = (
			);
			runOnlyForDeploymentPostprocessing = 0;
		};
		5D34776E2EA0F36D00E9CA25 /* Frameworks */ = {
			isa = PBXFrameworksBuildPhase;
			buildActionMask = 2147483647;
			files = (
			);
			runOnlyForDeploymentPostprocessing = 0;
		};
		5D3477782EA0F36D00E9CA25 /* Frameworks */ = {
			isa = PBXFrameworksBuildPhase;
			buildActionMask = 2147483647;
			files = (
			);
			runOnlyForDeploymentPostprocessing = 0;
		};
/* End PBXFrameworksBuildPhase section */

/* Begin PBXGroup section */
		5D34775B2EA0F36900E9CA25 = {
			isa = PBXGroup;
			children = (
				5D84CF8E2EA0F78500D4D4E8 /* RickAndMorty */,
				5D84CF882EA0F78500D4D4E8 /* RickAndMortyTests */,
				5D84CF842EA0F78500D4D4E8 /* RickAndMortyUITests */,
				5D3477652EA0F36900E9CA25 /* Products */,
			);
			sourceTree = "<group>";
		};
		5D3477652EA0F36900E9CA25 /* Products */ = {
			isa = PBXGroup;
			children = (
				5D3477642EA0F36900E9CA25 /* RickAndMorty.app */,
				5D3477712EA0F36D00E9CA25 /* RickAndMortyTests.xctest */,
				5D34777B2EA0F36D00E9CA25 /* RickAndMortyUITests.xctest */,
			);
			name = Products;
			sourceTree = "<group>";
		};
		5D44F2572EA6961600A59398 /* Domain */ = {
			isa = PBXGroup;
			children = (
				5D44F25B2EA6964300A59398 /* Entities */,
				5D44F25A2EA6963B00A59398 /* UseCases */,
				5D44F2592EA6962C00A59398 /* Repositories */,
			);
			path = Domain;
			sourceTree = "<group>";
		};
		5D44F2582EA6961D00A59398 /* Data */ = {
			isa = PBXGroup;
			children = (
				5D44F25E2EA6991D00A59398 /* DataSource */,
				5D44F25D2EA6991600A59398 /* Repositories */,
				5D44F25C2EA6990E00A59398 /* Models */,
			);
			path = Data;
			sourceTree = "<group>";
		};
		5D44F2592EA6962C00A59398 /* Repositories */ = {
			isa = PBXGroup;
			children = (
				5D44F2652EA69BC400A59398 /* CharacterDetailRepositoryProtocol.swift */,
			);
			path = Repositories;
			sourceTree = "<group>";
		};
		5D44F25A2EA6963B00A59398 /* UseCases */ = {
			isa = PBXGroup;
			children = (
				5D44F2672EA69C8900A59398 /* GetCharacterDetailUseCase.swift */,
			);
			path = UseCases;
			sourceTree = "<group>";
		};
		5D44F25B2EA6964300A59398 /* Entities */ = {
			isa = PBXGroup;
			children = (
			);
			path = Entities;
			sourceTree = "<group>";
		};
		5D44F25C2EA6990E00A59398 /* Models */ = {
			isa = PBXGroup;
			children = (
				5D44F25F2EA6997000A59398 /* CharacterDetailResponseModel.swift */,
			);
			path = Models;
			sourceTree = "<group>";
		};
		5D44F25D2EA6991600A59398 /* Repositories */ = {
			isa = PBXGroup;
			children = (
				5D44F2612EA699DD00A59398 /* CharacterDetailRepository.swift */,
			);
			path = Repositories;
			sourceTree = "<group>";
		};
		5D44F25E2EA6991D00A59398 /* DataSource */ = {
			isa = PBXGroup;
			children = (
				5D44F2632EA699FA00A59398 /* CharacterDetailDataSource.swift */,
			);
			path = DataSource;
			sourceTree = "<group>";
		};
		5D530FF82EA4543700CFCF27 /* Episodes */ = {
			isa = PBXGroup;
			children = (
				5DB11FFF2EA77D8200942875 /* EpisodeList */,
				5D530FFD2EA454AA00CFCF27 /* EpisodeDetail */,
			);
			path = Episodes;
			sourceTree = "<group>";
		};
		5D530FF92EA4544700CFCF27 /* Data */ = {
			isa = PBXGroup;
			children = (
				5D5310062EA455DC00CFCF27 /* DataSource */,
				5D5310052EA455D100CFCF27 /* Repositories */,
			);
			path = Data;
			sourceTree = "<group>";
		};
		5D530FFA2EA4545200CFCF27 /* Domain */ = {
			isa = PBXGroup;
			children = (
				5D5310022EA4550200CFCF27 /* Entities */,
				5D5310012EA454FB00CFCF27 /* UseCases */,
				5D5310002EA454EE00CFCF27 /* Repositories */,
			);
			path = Domain;
			sourceTree = "<group>";
		};
		5D530FFB2EA4545B00CFCF27 /* Presentation */ = {
			isa = PBXGroup;
			children = (
				5D5310102EA4599100CFCF27 /* ViewModels */,
				5D53100F2EA4598900CFCF27 /* Views */,
			);
			path = Presentation;
			sourceTree = "<group>";
		};
		5D530FFD2EA454AA00CFCF27 /* EpisodeDetail */ = {
			isa = PBXGroup;
			children = (
				5D530FFB2EA4545B00CFCF27 /* Presentation */,
				5D530FFA2EA4545200CFCF27 /* Domain */,
				5D530FF92EA4544700CFCF27 /* Data */,
			);
			path = EpisodeDetail;
			sourceTree = "<group>";
		};
		5D5310002EA454EE00CFCF27 /* Repositories */ = {
			isa = PBXGroup;
			children = (
				5D53100B2EA4582C00CFCF27 /* EpisodeDetailRepositoryProtocol.swift */,
			);
			path = Repositories;
			sourceTree = "<group>";
		};
		5D5310012EA454FB00CFCF27 /* UseCases */ = {
			isa = PBXGroup;
			children = (
				5D53100D2EA4591600CFCF27 /* GetEpisodeDetailUseCase.swift */,
			);
			path = UseCases;
			sourceTree = "<group>";
		};
		5D5310022EA4550200CFCF27 /* Entities */ = {
			isa = PBXGroup;
			children = (
				5DE95FF42EA6190900B4D662 /* EpisodeCharacterEntity.swift */,
			);
			path = Entities;
			sourceTree = "<group>";
		};
		5D5310052EA455D100CFCF27 /* Repositories */ = {
			isa = PBXGroup;
			children = (
				5D5310092EA4579A00CFCF27 /* EpisodeDetailRepository.swift */,
			);
			path = Repositories;
			sourceTree = "<group>";
		};
		5D5310062EA455DC00CFCF27 /* DataSource */ = {
			isa = PBXGroup;
			children = (
				5D5310072EA455F300CFCF27 /* EpisodeDetailDataSource.swift */,
			);
			path = DataSource;
			sourceTree = "<group>";
		};
		5D53100F2EA4598900CFCF27 /* Views */ = {
			isa = PBXGroup;
			children = (
				5DDC404C2EA8EAEB00BC2430 /* EpisodeHeaderView.swift */,
				5D870F632EA4730700F04CD3 /* CharacterEpisodeSectionCardView.swift */,
				5D870F612EA4724E00F04CD3 /* CharactersVerticalSectionView.swift */,
				5D5310132EA45BA300CFCF27 /* EpisodeDetailView.swift */,
			);
			path = Views;
			sourceTree = "<group>";
		};
		5D5310102EA4599100CFCF27 /* ViewModels */ = {
			isa = PBXGroup;
			children = (
				5D5310112EA4599F00CFCF27 /* EpisodeDetailViewModel.swift */,
			);
			path = ViewModels;
			sourceTree = "<group>";
		};
		5D84CF842EA0F78500D4D4E8 /* RickAndMortyUITests */ = {
			isa = PBXGroup;
			children = (
				5D84CF822EA0F78500D4D4E8 /* RickAndMortyUITests.swift */,
				5D84CF832EA0F78500D4D4E8 /* RickAndMortyUITestsLaunchTests.swift */,
			);
			path = RickAndMortyUITests;
			sourceTree = "<group>";
		};
		5D84CF882EA0F78500D4D4E8 /* RickAndMortyTests */ = {
			isa = PBXGroup;
			children = (
				5D84CF872EA0F78500D4D4E8 /* RickAndMortyTests.swift */,
			);
			path = RickAndMortyTests;
			sourceTree = "<group>";
		};
		5D84CF8B2EA0F78500D4D4E8 /* Resources */ = {
			isa = PBXGroup;
			children = (
				5DE960002EA6250300B4D662 /* Colors */,
				5D84D0132EA148B000D4D4E8 /* Language */,
				5D84CF8A2EA0F78500D4D4E8 /* Assets.xcassets */,
			);
			path = Resources;
			sourceTree = "<group>";
		};
		5D84CF8E2EA0F78500D4D4E8 /* RickAndMorty */ = {
			isa = PBXGroup;
			children = (
				5D84CFA22EA1058700D4D4E8 /* Source */,
				5D84CF922EA0F7D000D4D4E8 /* Core */,
				5D84CF8B2EA0F78500D4D4E8 /* Resources */,
				5D84CF8C2EA0F78500D4D4E8 /* ContentView.swift */,
				5D84CF8D2EA0F78500D4D4E8 /* RickAndMortyApp.swift */,
			);
			path = RickAndMorty;
			sourceTree = "<group>";
		};
		5D84CF922EA0F7D000D4D4E8 /* Core */ = {
			isa = PBXGroup;
			children = (
				5D84CFC02EA10F1000D4D4E8 /* Extensions */,
				5D84CF932EA0F7D700D4D4E8 /* Utils */,
			);
			path = Core;
			sourceTree = "<group>";
		};
		5D84CF932EA0F7D700D4D4E8 /* Utils */ = {
			isa = PBXGroup;
			children = (
				5DB120022EA77DD300942875 /* Info.swift */,
				5D5BAE362EA464FC00568B09 /* Utils.swift */,
				5D84CFBE2EA10E7B00D4D4E8 /* NetworkUtils.swift */,
				5D84CF9E2EA100DC00D4D4E8 /* Constants.swift */,
			);
			path = Utils;
			sourceTree = "<group>";
		};
		5D84CFA22EA1058700D4D4E8 /* Source */ = {
			isa = PBXGroup;
			children = (
				5DD06D5D2EA8CEFF00B37EFC /* Locations */,
				5DB120272EA7AC7D00942875 /* UIComponents */,
				5D530FF82EA4543700CFCF27 /* Episodes */,
				5D84CFA32EA1059D00D4D4E8 /* Characters */,
			);
			path = Source;
			sourceTree = "<group>";
		};
		5D84CFA32EA1059D00D4D4E8 /* Characters */ = {
			isa = PBXGroup;
			children = (
				5DCA97FA2EA276BF00D9D7FE /* CharacterDetail */,
				5D84CFA42EA105A400D4D4E8 /* CharacterList */,
			);
			path = Characters;
			sourceTree = "<group>";
		};
		5D84CFA42EA105A400D4D4E8 /* CharacterList */ = {
			isa = PBXGroup;
			children = (
				5D84CFCF2EA1182D00D4D4E8 /* Presentation */,
				5D84CFC72EA111A800D4D4E8 /* Domain */,
				5D84CFBA2EA10BC800D4D4E8 /* Data */,
			);
			path = CharacterList;
			sourceTree = "<group>";
		};
		5D84CFBA2EA10BC800D4D4E8 /* Data */ = {
			isa = PBXGroup;
			children = (
				5D84CFBD2EA10BFD00D4D4E8 /* DataSource */,
				5D84CFBC2EA10BF400D4D4E8 /* Repositories */,
				5D84CFBB2EA10BEE00D4D4E8 /* Models */,
			);
			path = Data;
			sourceTree = "<group>";
		};
		5D84CFBB2EA10BEE00D4D4E8 /* Models */ = {
			isa = PBXGroup;
			children = (
				5D84CFA02EA1043B00D4D4E8 /* CharacterListResponseModel.swift */,
			);
			path = Models;
			sourceTree = "<group>";
		};
		5D84CFBC2EA10BF400D4D4E8 /* Repositories */ = {
			isa = PBXGroup;
			children = (
				5D84CFC52EA1117300D4D4E8 /* CharacterListRepository.swift */,
			);
			path = Repositories;
			sourceTree = "<group>";
		};
		5D84CFBD2EA10BFD00D4D4E8 /* DataSource */ = {
			isa = PBXGroup;
			children = (
				5D84CFC32EA10FF700D4D4E8 /* CharacterListDataSource.swift */,
			);
			path = DataSource;
			sourceTree = "<group>";
		};
		5D84CFC02EA10F1000D4D4E8 /* Extensions */ = {
			isa = PBXGroup;
			children = (
				5DB11FFD2EA76E7B00942875 /* ImageExtension.swift */,
				5D84CFC12EA10F1F00D4D4E8 /* LoggerExtension.swift */,
				5DE960012EA6250C00B4D662 /* ColorExtension.swift */,
			);
			path = Extensions;
			sourceTree = "<group>";
		};
		5D84CFC72EA111A800D4D4E8 /* Domain */ = {
			isa = PBXGroup;
			children = (
				5D84CFCA2EA111CE00D4D4E8 /* Entities */,
				5D84CFC92EA111C800D4D4E8 /* UseCases */,
				5D84CFC82EA111BF00D4D4E8 /* Repositories */,
			);
			path = Domain;
			sourceTree = "<group>";
		};
		5D84CFC82EA111BF00D4D4E8 /* Repositories */ = {
			isa = PBXGroup;
			children = (
				5D84CFCB2EA111E600D4D4E8 /* CharacterListRepositoryProtocol.swift */,
			);
			path = Repositories;
			sourceTree = "<group>";
		};
		5D84CFC92EA111C800D4D4E8 /* UseCases */ = {
			isa = PBXGroup;
			children = (
				5D84CFCD2EA1140A00D4D4E8 /* GetCharacterListUseCase.swift */,
			);
			path = UseCases;
			sourceTree = "<group>";
		};
		5D84CFCA2EA111CE00D4D4E8 /* Entities */ = {
			isa = PBXGroup;
			children = (
				5D84CF962EA0F80F00D4D4E8 /* CharacterEntity.swift */,
				5D84CF982EA0FBAA00D4D4E8 /* LocationCharacterEntity.swift */,
			);
			path = Entities;
			sourceTree = "<group>";
		};
		5D84CFCF2EA1182D00D4D4E8 /* Presentation */ = {
			isa = PBXGroup;
			children = (
				5D84CFD32EA1188600D4D4E8 /* ViewModels */,
				5D84CFD02EA1183F00D4D4E8 /* Views */,
			);
			path = Presentation;
			sourceTree = "<group>";
		};
		5D84CFD02EA1183F00D4D4E8 /* Views */ = {
			isa = PBXGroup;
			children = (
				5DE960082EA6645900B4D662 /* StatusBadgeView.swift */,
				5D2E35F72EA1532C00B2632F /* CharacterCardView.swift */,
				5D84CFD12EA1187900D4D4E8 /* CharacterListView.swift */,
			);
			path = Views;
			sourceTree = "<group>";
		};
		5D84CFD32EA1188600D4D4E8 /* ViewModels */ = {
			isa = PBXGroup;
			children = (
				5D84CFD42EA1188E00D4D4E8 /* CharacterListViewModel.swift */,
			);
			path = ViewModels;
			sourceTree = "<group>";
		};
		5D84D0132EA148B000D4D4E8 /* Language */ = {
			isa = PBXGroup;
			children = (
				5D84D00E2EA148B000D4D4E8 /* L10n.swift */,
				5D84D00F2EA148B000D4D4E8 /* LocalizedUtils.swift */,
				5D84D0122EA148B000D4D4E8 /* Localizable.strings */,
			);
			path = Language;
			sourceTree = "<group>";
		};
		5DB11FFF2EA77D8200942875 /* EpisodeList */ = {
			isa = PBXGroup;
			children = (
				5DB120132EA7861000942875 /* Presentation */,
				5DB1200C2EA77EFC00942875 /* Domain */,
				5DB120002EA77D9200942875 /* Data */,
			);
			path = EpisodeList;
			sourceTree = "<group>";
		};
		5DB120002EA77D9200942875 /* Data */ = {
			isa = PBXGroup;
			children = (
				5DB120072EA77E2A00942875 /* DataSource */,
				5DB120062EA77E2000942875 /* Repositories */,
				5DB120012EA77D9E00942875 /* Models */,
			);
			path = Data;
			sourceTree = "<group>";
		};
		5DB120012EA77D9E00942875 /* Models */ = {
			isa = PBXGroup;
			children = (
				5DB120042EA77DE400942875 /* EpisodeListResponseModel.swift */,
			);
			path = Models;
			sourceTree = "<group>";
		};
		5DB120062EA77E2000942875 /* Repositories */ = {
			isa = PBXGroup;
			children = (
				5DB1200A2EA77EDF00942875 /* EpisodeListRepository.swift */,
			);
			path = Repositories;
			sourceTree = "<group>";
		};
		5DB120072EA77E2A00942875 /* DataSource */ = {
			isa = PBXGroup;
			children = (
				5DB120082EA77E3200942875 /* EpisodeListDataSource.swift */,
			);
			path = DataSource;
			sourceTree = "<group>";
		};
		5DB1200C2EA77EFC00942875 /* Domain */ = {
			isa = PBXGroup;
			children = (
				5DB1201E2EA78C0000942875 /* Entities */,
				5DB120102EA785AF00942875 /* UseCases */,
				5DB1200D2EA77F0500942875 /* Repositories */,
			);
			path = Domain;
			sourceTree = "<group>";
		};
		5DB1200D2EA77F0500942875 /* Repositories */ = {
			isa = PBXGroup;
			children = (
				5DB1200E2EA77F1400942875 /* EpisodeListRepositoryProtocol.swift */,
			);
			path = Repositories;
			sourceTree = "<group>";
		};
		5DB120102EA785AF00942875 /* UseCases */ = {
			isa = PBXGroup;
			children = (
				5DB120112EA785B800942875 /* GetEpisodeListUseCase.swift */,
			);
			path = UseCases;
			sourceTree = "<group>";
		};
		5DB120132EA7861000942875 /* Presentation */ = {
			isa = PBXGroup;
			children = (
				5DB120152EA7862300942875 /* ViewModels */,
				5DB120142EA7861B00942875 /* Views */,
			);
			path = Presentation;
			sourceTree = "<group>";
		};
		5DB120142EA7861B00942875 /* Views */ = {
			isa = PBXGroup;
			children = (
				5DB1201C2EA788D200942875 /* EpisodeCardView.swift */,
				5DB120162EA7862F00942875 /* EpisodeListView.swift */,
			);
			path = Views;
			sourceTree = "<group>";
		};
		5DB120152EA7862300942875 /* ViewModels */ = {
			isa = PBXGroup;
			children = (
				5DB120182EA7865000942875 /* EpisodeListViewModel.swift */,
			);
			path = ViewModels;
			sourceTree = "<group>";
		};
		5DB1201E2EA78C0000942875 /* Entities */ = {
			isa = PBXGroup;
			children = (
				5D5310032EA4550900CFCF27 /* EpisodeEntity.swift */,
			);
			path = Entities;
			sourceTree = "<group>";
		};
		5DB120272EA7AC7D00942875 /* UIComponents */ = {
			isa = PBXGroup;
			children = (
				5DB120282EA7AC8500942875 /* Buttons */,
			);
			path = UIComponents;
			sourceTree = "<group>";
		};
		5DB120282EA7AC8500942875 /* Buttons */ = {
			isa = PBXGroup;
			children = (
				5DB1202B2EA7AE7400942875 /* PressableButtonStyle.swift */,
				5DB120292EA7AC8900942875 /* FancyButton.swift */,
			);
			path = Buttons;
			sourceTree = "<group>";
		};
		5DCA97FA2EA276BF00D9D7FE /* CharacterDetail */ = {
			isa = PBXGroup;
			children = (
				5D44F2582EA6961D00A59398 /* Data */,
				5D44F2572EA6961600A59398 /* Domain */,
				5DCA97FB2EA276CB00D9D7FE /* Presentation */,
			);
			path = CharacterDetail;
			sourceTree = "<group>";
		};
		5DCA97FB2EA276CB00D9D7FE /* Presentation */ = {
			isa = PBXGroup;
			children = (
				5DCA97FD2EA276DE00D9D7FE /* ViewModels */,
				5DCA97FC2EA276D500D9D7FE /* Views */,
			);
			path = Presentation;
			sourceTree = "<group>";
		};
		5DCA97FC2EA276D500D9D7FE /* Views */ = {
			isa = PBXGroup;
			children = (
				5DE960032EA6627F00B4D662 /* CharacterHeaderView.swift */,
				5D5BAE342EA463F800568B09 /* CharacterMoreInfoView.swift */,
				5D5BAE322EA463D000568B09 /* CharacterEpisodeCardView.swift */,
				5D5BAE302EA4638000568B09 /* EpisodesHorizontalSectionView.swift */,
				5DCA97FE2EA2771200D9D7FE /* CharacterDetailView.swift */,
			);
			path = Views;
			sourceTree = "<group>";
		};
		5DCA97FD2EA276DE00D9D7FE /* ViewModels */ = {
			isa = PBXGroup;
			children = (
				5DCA98002EA2779300D9D7FE /* CharacterDetailViewModel.swift */,
			);
			path = ViewModels;
			sourceTree = "<group>";
		};
		5DD06D5D2EA8CEFF00B37EFC /* Locations */ = {
			isa = PBXGroup;
			children = (
				5DD06D7C2EA8DE2A00B37EFC /* LocationDetail */,
				5DD06D5E2EA8CF0F00B37EFC /* LocationList */,
			);
			path = Locations;
			sourceTree = "<group>";
		};
		5DD06D5E2EA8CF0F00B37EFC /* LocationList */ = {
			isa = PBXGroup;
			children = (
				5DD06D612EA8CF3000B37EFC /* Presentation */,
				5DD06D602EA8CF2C00B37EFC /* Domain */,
				5DD06D5F2EA8CF2600B37EFC /* Data */,
			);
			path = LocationList;
			sourceTree = "<group>";
		};
		5DD06D5F2EA8CF2600B37EFC /* Data */ = {
			isa = PBXGroup;
			children = (
				5DD06D642EA8CF4D00B37EFC /* DataSource */,
				5DD06D632EA8CF4300B37EFC /* Repositories */,
				5DD06D622EA8CF3D00B37EFC /* Models */,
			);
			path = Data;
			sourceTree = "<group>";
		};
		5DD06D602EA8CF2C00B37EFC /* Domain */ = {
			isa = PBXGroup;
			children = (
				5DD06D692EA8CFD200B37EFC /* Entities */,
				5DD06D682EA8CFC800B37EFC /* UseCases */,
				5DD06D672EA8CFC100B37EFC /* Repositories */,
			);
			path = Domain;
			sourceTree = "<group>";
		};
		5DD06D612EA8CF3000B37EFC /* Presentation */ = {
			isa = PBXGroup;
			children = (
				5DD06D752EA8D2CB00B37EFC /* ViewModels */,
				5DD06D742EA8D2C100B37EFC /* Views */,
			);
			path = Presentation;
			sourceTree = "<group>";
		};
		5DD06D622EA8CF3D00B37EFC /* Models */ = {
			isa = PBXGroup;
			children = (
				5DD06D652EA8CF5500B37EFC /* LocationListResponseModel.swift */,
			);
			path = Models;
			sourceTree = "<group>";
		};
		5DD06D632EA8CF4300B37EFC /* Repositories */ = {
			isa = PBXGroup;
			children = (
				5DD06D6E2EA8D12C00B37EFC /* LocationListRepository.swift */,
			);
			path = Repositories;
			sourceTree = "<group>";
		};
		5DD06D642EA8CF4D00B37EFC /* DataSource */ = {
			isa = PBXGroup;
			children = (
				5DD06D6C2EA8D04C00B37EFC /* LocationListDataSource.swift */,
			);
			path = DataSource;
			sourceTree = "<group>";
		};
		5DD06D672EA8CFC100B37EFC /* Repositories */ = {
			isa = PBXGroup;
			children = (
				5DD06D702EA8D13D00B37EFC /* LocationListRepositoryProtocol.swift */,
			);
			path = Repositories;
			sourceTree = "<group>";
		};
		5DD06D682EA8CFC800B37EFC /* UseCases */ = {
			isa = PBXGroup;
			children = (
				5DD06D722EA8D25E00B37EFC /* GetLocationListUseCase.swift */,
			);
			path = UseCases;
			sourceTree = "<group>";
		};
		5DD06D692EA8CFD200B37EFC /* Entities */ = {
			isa = PBXGroup;
			children = (
				5DD06D6A2EA8CFDF00B37EFC /* LocationEntity.swift */,
			);
			path = Entities;
			sourceTree = "<group>";
		};
		5DD06D742EA8D2C100B37EFC /* Views */ = {
			isa = PBXGroup;
			children = (
				5DD06D7A2EA8D3F800B37EFC /* LocationCardView.swift */,
				5DD06D782EA8D37500B37EFC /* LocationListView.swift */,
			);
			path = Views;
			sourceTree = "<group>";
		};
		5DD06D752EA8D2CB00B37EFC /* ViewModels */ = {
			isa = PBXGroup;
			children = (
				5DD06D762EA8D2DE00B37EFC /* LocationListViewModel.swift */,
			);
			path = ViewModels;
			sourceTree = "<group>";
		};
		5DD06D7C2EA8DE2A00B37EFC /* LocationDetail */ = {
			isa = PBXGroup;
			children = (
				5DD06D7F2EA8DE4500B37EFC /* Presentation */,
				5DD06D7E2EA8DE4100B37EFC /* Domain */,
				5DD06D7D2EA8DE3B00B37EFC /* Data */,
			);
			path = LocationDetail;
			sourceTree = "<group>";
		};
		5DD06D7D2EA8DE3B00B37EFC /* Data */ = {
			isa = PBXGroup;
			children = (
				5DD06D822EA8DE5C00B37EFC /* DataSource */,
				5DD06D812EA8DE5400B37EFC /* Repositories */,
			);
			path = Data;
			sourceTree = "<group>";
		};
		5DD06D7E2EA8DE4100B37EFC /* Domain */ = {
			isa = PBXGroup;
			children = (
				5DD06D882EA8DF1900B37EFC /* UseCases */,
				5DD06D872EA8DF0F00B37EFC /* Repositories */,
			);
			path = Domain;
			sourceTree = "<group>";
		};
		5DD06D7F2EA8DE4500B37EFC /* Presentation */ = {
			isa = PBXGroup;
			children = (
				5DD06D912EA8E02C00B37EFC /* ViewModels */,
				5DD06D902EA8E02700B37EFC /* Views */,
			);
			path = Presentation;
			sourceTree = "<group>";
		};
		5DD06D812EA8DE5400B37EFC /* Repositories */ = {
			isa = PBXGroup;
			children = (
				5DD06D8C2EA8DF4300B37EFC /* LocationDetailRepository.swift */,
			);
			path = Repositories;
			sourceTree = "<group>";
		};
		5DD06D822EA8DE5C00B37EFC /* DataSource */ = {
			isa = PBXGroup;
			children = (
				5DD06D852EA8DEB500B37EFC /* LocationDetailDataSource.swift */,
			);
			path = DataSource;
			sourceTree = "<group>";
		};
		5DD06D872EA8DF0F00B37EFC /* Repositories */ = {
			isa = PBXGroup;
			children = (
				5DD06D8A2EA8DF3100B37EFC /* LocationDetailRepositoryProtocol.swift */,
			);
			path = Repositories;
			sourceTree = "<group>";
		};
		5DD06D882EA8DF1900B37EFC /* UseCases */ = {
			isa = PBXGroup;
			children = (
				5DD06D8E2EA8DFDC00B37EFC /* GetLocationDetailUseCase.swift */,
			);
			path = UseCases;
			sourceTree = "<group>";
		};
		5DD06D902EA8E02700B37EFC /* Views */ = {
			isa = PBXGroup;
			children = (
				5DD06D962EA8E1FA00B37EFC /* LocationHeaderView.swift */,
				5DD06D942EA8E10D00B37EFC /* LocationDetailView.swift */,
			);
			path = Views;
			sourceTree = "<group>";
		};
		5DD06D912EA8E02C00B37EFC /* ViewModels */ = {
			isa = PBXGroup;
			children = (
				5DD06D922EA8E03A00B37EFC /* LocationDetailViewModel.swift */,
			);
			path = ViewModels;
			sourceTree = "<group>";
		};
		5DE960002EA6250300B4D662 /* Colors */ = {
			isa = PBXGroup;
			children = (
				5DE95FF62EA623BE00B4D662 /* Colors.xcassets */,
			);
			path = Colors;
			sourceTree = "<group>";
		};
/* End PBXGroup section */

/* Begin PBXNativeTarget section */
		5D3477632EA0F36900E9CA25 /* RickAndMorty */ = {
			isa = PBXNativeTarget;
			buildConfigurationList = 5D3477852EA0F36D00E9CA25 /* Build configuration list for PBXNativeTarget "RickAndMorty" */;
			buildPhases = (
				5D3477602EA0F36900E9CA25 /* Sources */,
				5D3477612EA0F36900E9CA25 /* Frameworks */,
				5D3477622EA0F36900E9CA25 /* Resources */,
			);
			buildRules = (
			);
			dependencies = (
			);
			name = RickAndMorty;
			packageProductDependencies = (
			);
			productName = RickAndMorty;
			productReference = 5D3477642EA0F36900E9CA25 /* RickAndMorty.app */;
			productType = "com.apple.product-type.application";
		};
		5D3477702EA0F36D00E9CA25 /* RickAndMortyTests */ = {
			isa = PBXNativeTarget;
			buildConfigurationList = 5D3477882EA0F36D00E9CA25 /* Build configuration list for PBXNativeTarget "RickAndMortyTests" */;
			buildPhases = (
				5D34776D2EA0F36D00E9CA25 /* Sources */,
				5D34776E2EA0F36D00E9CA25 /* Frameworks */,
				5D34776F2EA0F36D00E9CA25 /* Resources */,
			);
			buildRules = (
			);
			dependencies = (
				5D3477732EA0F36D00E9CA25 /* PBXTargetDependency */,
			);
			name = RickAndMortyTests;
			packageProductDependencies = (
			);
			productName = RickAndMortyTests;
			productReference = 5D3477712EA0F36D00E9CA25 /* RickAndMortyTests.xctest */;
			productType = "com.apple.product-type.bundle.unit-test";
		};
		5D34777A2EA0F36D00E9CA25 /* RickAndMortyUITests */ = {
			isa = PBXNativeTarget;
			buildConfigurationList = 5D34778B2EA0F36D00E9CA25 /* Build configuration list for PBXNativeTarget "RickAndMortyUITests" */;
			buildPhases = (
				5D3477772EA0F36D00E9CA25 /* Sources */,
				5D3477782EA0F36D00E9CA25 /* Frameworks */,
				5D3477792EA0F36D00E9CA25 /* Resources */,
			);
			buildRules = (
			);
			dependencies = (
				5D34777D2EA0F36D00E9CA25 /* PBXTargetDependency */,
			);
			name = RickAndMortyUITests;
			packageProductDependencies = (
			);
			productName = RickAndMortyUITests;
			productReference = 5D34777B2EA0F36D00E9CA25 /* RickAndMortyUITests.xctest */;
			productType = "com.apple.product-type.bundle.ui-testing";
		};
/* End PBXNativeTarget section */

/* Begin PBXProject section */
		5D34775C2EA0F36900E9CA25 /* Project object */ = {
			isa = PBXProject;
			attributes = {
				BuildIndependentTargetsInParallel = 1;
				LastSwiftUpdateCheck = 1640;
				LastUpgradeCheck = 1640;
				TargetAttributes = {
					5D3477632EA0F36900E9CA25 = {
						CreatedOnToolsVersion = 16.4;
					};
					5D3477702EA0F36D00E9CA25 = {
						CreatedOnToolsVersion = 16.4;
						TestTargetID = 5D3477632EA0F36900E9CA25;
					};
					5D34777A2EA0F36D00E9CA25 = {
						CreatedOnToolsVersion = 16.4;
						TestTargetID = 5D3477632EA0F36900E9CA25;
					};
				};
			};
			buildConfigurationList = 5D34775F2EA0F36900E9CA25 /* Build configuration list for PBXProject "RickAndMorty" */;
			developmentRegion = en;
			hasScannedForEncodings = 0;
			knownRegions = (
				en,
				Base,
				es,
			);
			mainGroup = 5D34775B2EA0F36900E9CA25;
			minimizedProjectReferenceProxies = 1;
			preferredProjectObjectVersion = 77;
			productRefGroup = 5D3477652EA0F36900E9CA25 /* Products */;
			projectDirPath = "";
			projectRoot = "";
			targets = (
				5D3477632EA0F36900E9CA25 /* RickAndMorty */,
				5D3477702EA0F36D00E9CA25 /* RickAndMortyTests */,
				5D34777A2EA0F36D00E9CA25 /* RickAndMortyUITests */,
			);
		};
/* End PBXProject section */

/* Begin PBXResourcesBuildPhase section */
		5D3477622EA0F36900E9CA25 /* Resources */ = {
			isa = PBXResourcesBuildPhase;
			buildActionMask = 2147483647;
			files = (
				5DE95FF72EA623BE00B4D662 /* Colors.xcassets in Resources */,
				5D84CF912EA0F78500D4D4E8 /* Assets.xcassets in Resources */,
				5D84D0162EA148B000D4D4E8 /* Localizable.strings in Resources */,
			);
			runOnlyForDeploymentPostprocessing = 0;
		};
		5D34776F2EA0F36D00E9CA25 /* Resources */ = {
			isa = PBXResourcesBuildPhase;
			buildActionMask = 2147483647;
			files = (
			);
			runOnlyForDeploymentPostprocessing = 0;
		};
		5D3477792EA0F36D00E9CA25 /* Resources */ = {
			isa = PBXResourcesBuildPhase;
			buildActionMask = 2147483647;
			files = (
			);
			runOnlyForDeploymentPostprocessing = 0;
		};
/* End PBXResourcesBuildPhase section */

/* Begin PBXSourcesBuildPhase section */
		5D3477602EA0F36900E9CA25 /* Sources */ = {
			isa = PBXSourcesBuildPhase;
			buildActionMask = 2147483647;
			files = (
				5D870F642EA4730700F04CD3 /* CharacterEpisodeSectionCardView.swift in Sources */,
				5DE960042EA6627F00B4D662 /* CharacterHeaderView.swift in Sources */,
				5DE960022EA6251500B4D662 /* ColorExtension.swift in Sources */,
				5DB120192EA7865600942875 /* EpisodeListViewModel.swift in Sources */,
				5D44F2662EA69BCC00A59398 /* CharacterDetailRepositoryProtocol.swift in Sources */,
				5D2E35F82EA1532C00B2632F /* CharacterCardView.swift in Sources */,
				5DB120092EA77E3700942875 /* EpisodeListDataSource.swift in Sources */,
				5D84CF972EA0F81600D4D4E8 /* CharacterEntity.swift in Sources */,
				5D84CFC22EA10F3300D4D4E8 /* LoggerExtension.swift in Sources */,
				5DB11FFE2EA76E8000942875 /* ImageExtension.swift in Sources */,
				5DD06D8F2EA8DFE200B37EFC /* GetLocationDetailUseCase.swift in Sources */,
				5D53100A2EA457A200CFCF27 /* EpisodeDetailRepository.swift in Sources */,
				5D5310042EA4550900CFCF27 /* EpisodeEntity.swift in Sources */,
				5DD06D792EA8D37A00B37EFC /* LocationListView.swift in Sources */,
				5DCA97FF2EA2771200D9D7FE /* CharacterDetailView.swift in Sources */,
				5DB1200F2EA77F1E00942875 /* EpisodeListRepositoryProtocol.swift in Sources */,
				5D44F2682EA69C9000A59398 /* GetCharacterDetailUseCase.swift in Sources */,
				5D84CF8F2EA0F78500D4D4E8 /* ContentView.swift in Sources */,
				5D84CF992EA0FBAF00D4D4E8 /* LocationCharacterEntity.swift in Sources */,
				5D84CFBF2EA10E7B00D4D4E8 /* NetworkUtils.swift in Sources */,
				5D44F2642EA69A0100A59398 /* CharacterDetailDataSource.swift in Sources */,
				5DD06D932EA8E04100B37EFC /* LocationDetailViewModel.swift in Sources */,
				5DB120122EA785C000942875 /* GetEpisodeListUseCase.swift in Sources */,
				5DB1202A2EA7AC8900942875 /* FancyButton.swift in Sources */,
				5D84CF9F2EA100DF00D4D4E8 /* Constants.swift in Sources */,
				5DD06D712EA8D14400B37EFC /* LocationListRepositoryProtocol.swift in Sources */,
				5DDC404D2EA8EAFA00BC2430 /* EpisodeHeaderView.swift in Sources */,
				5D84CFC42EA10FFD00D4D4E8 /* CharacterListDataSource.swift in Sources */,
				5D84CFC62EA1117300D4D4E8 /* CharacterListRepository.swift in Sources */,
				5DB120052EA77DEC00942875 /* EpisodeListResponseModel.swift in Sources */,
				5DD06D7B2EA8D3FE00B37EFC /* LocationCardView.swift in Sources */,
				5D84CFCE2EA1140A00D4D4E8 /* GetCharacterListUseCase.swift in Sources */,
				5DD06D772EA8D2DE00B37EFC /* LocationListViewModel.swift in Sources */,
				5DD06D662EA8CF5E00B37EFC /* LocationListResponseModel.swift in Sources */,
				5DD06D8B2EA8DF3D00B37EFC /* LocationDetailRepositoryProtocol.swift in Sources */,
				5DD06D952EA8E11200B37EFC /* LocationDetailView.swift in Sources */,
				5DB120032EA77DD300942875 /* Info.swift in Sources */,
				5DD06D8D2EA8DF4E00B37EFC /* LocationDetailRepository.swift in Sources */,
				5DE960092EA6645900B4D662 /* StatusBadgeView.swift in Sources */,
				5D5310122EA459A500CFCF27 /* EpisodeDetailViewModel.swift in Sources */,
				5D84CFCC2EA111E600D4D4E8 /* CharacterListRepositoryProtocol.swift in Sources */,
				5DD06D732EA8D26B00B37EFC /* GetLocationListUseCase.swift in Sources */,
				5D5BAE352EA463F800568B09 /* CharacterMoreInfoView.swift in Sources */,
				5DD06D6D2EA8D05300B37EFC /* LocationListDataSource.swift in Sources */,
				5D5310142EA45BA300CFCF27 /* EpisodeDetailView.swift in Sources */,
				5D5BAE332EA463D000568B09 /* CharacterEpisodeCardView.swift in Sources */,
				5D5310082EA455FB00CFCF27 /* EpisodeDetailDataSource.swift in Sources */,
				5DB1200B2EA77EEC00942875 /* EpisodeListRepository.swift in Sources */,
				5DD06D6B2EA8CFE300B37EFC /* LocationEntity.swift in Sources */,
				5D53100C2EA4583700CFCF27 /* EpisodeDetailRepositoryProtocol.swift in Sources */,
				5DB1201D2EA788D200942875 /* EpisodeCardView.swift in Sources */,
				5D84CFD52EA1189400D4D4E8 /* CharacterListViewModel.swift in Sources */,
				5D5BAE372EA464FE00568B09 /* Utils.swift in Sources */,
				5DD06D972EA8E20100B37EFC /* LocationHeaderView.swift in Sources */,
				5DE95FF52EA6191300B4D662 /* EpisodeCharacterEntity.swift in Sources */,
				5D84CFD22EA1187900D4D4E8 /* CharacterListView.swift in Sources */,
				5D44F2622EA699E700A59398 /* CharacterDetailRepository.swift in Sources */,
				5D84CFA12EA1044000D4D4E8 /* CharacterListResponseModel.swift in Sources */,
				5D870F622EA4725900F04CD3 /* CharactersVerticalSectionView.swift in Sources */,
				5DB120172EA7863500942875 /* EpisodeListView.swift in Sources */,
				5D53100E2EA4591F00CFCF27 /* GetEpisodeDetailUseCase.swift in Sources */,
				5D84CF902EA0F78500D4D4E8 /* RickAndMortyApp.swift in Sources */,
				5DCA98012EA2779B00D9D7FE /* CharacterDetailViewModel.swift in Sources */,
				5D44F2602EA6997600A59398 /* CharacterDetailResponseModel.swift in Sources */,
				5D84D0142EA148B000D4D4E8 /* LocalizedUtils.swift in Sources */,
				5DD06D6F2EA8D13500B37EFC /* LocationListRepository.swift in Sources */,
				5DD06D862EA8DEBC00B37EFC /* LocationDetailDataSource.swift in Sources */,
				5D84D0152EA148B000D4D4E8 /* L10n.swift in Sources */,
				5D5BAE312EA4638000568B09 /* EpisodesHorizontalSectionView.swift in Sources */,
				5DB1202C2EA7AE7400942875 /* PressableButtonStyle.swift in Sources */,
			);
			runOnlyForDeploymentPostprocessing = 0;
		};
		5D34776D2EA0F36D00E9CA25 /* Sources */ = {
			isa = PBXSourcesBuildPhase;
			buildActionMask = 2147483647;
			files = (
				5D84CF892EA0F78500D4D4E8 /* RickAndMortyTests.swift in Sources */,
			);
			runOnlyForDeploymentPostprocessing = 0;
		};
		5D3477772EA0F36D00E9CA25 /* Sources */ = {
			isa = PBXSourcesBuildPhase;
			buildActionMask = 2147483647;
			files = (
				5D84CF852EA0F78500D4D4E8 /* RickAndMortyUITests.swift in Sources */,
				5D84CF862EA0F78500D4D4E8 /* RickAndMortyUITestsLaunchTests.swift in Sources */,
			);
			runOnlyForDeploymentPostprocessing = 0;
		};
/* End PBXSourcesBuildPhase section */

/* Begin PBXTargetDependency section */
		5D3477732EA0F36D00E9CA25 /* PBXTargetDependency */ = {
			isa = PBXTargetDependency;
			target = 5D3477632EA0F36900E9CA25 /* RickAndMorty */;
			targetProxy = 5D3477722EA0F36D00E9CA25 /* PBXContainerItemProxy */;
		};
		5D34777D2EA0F36D00E9CA25 /* PBXTargetDependency */ = {
			isa = PBXTargetDependency;
			target = 5D3477632EA0F36900E9CA25 /* RickAndMorty */;
			targetProxy = 5D34777C2EA0F36D00E9CA25 /* PBXContainerItemProxy */;
		};
/* End PBXTargetDependency section */

/* Begin PBXVariantGroup section */
		5D84D0122EA148B000D4D4E8 /* Localizable.strings */ = {
			isa = PBXVariantGroup;
			children = (
				5D84D0102EA148B000D4D4E8 /* Localizable.strings */,
				5D84D0112EA148B000D4D4E8 /* Localizable.strings */,
			);
			name = Localizable.strings;
			sourceTree = "<group>";
		};
/* End PBXVariantGroup section */

/* Begin XCBuildConfiguration section */
		5D3477832EA0F36D00E9CA25 /* Debug */ = {
			isa = XCBuildConfiguration;
			buildSettings = {
				ALWAYS_SEARCH_USER_PATHS = NO;
				ASSETCATALOG_COMPILER_GENERATE_SWIFT_ASSET_SYMBOL_EXTENSIONS = YES;
				CLANG_ANALYZER_NONNULL = YES;
				CLANG_ANALYZER_NUMBER_OBJECT_CONVERSION = YES_AGGRESSIVE;
				CLANG_CXX_LANGUAGE_STANDARD = "gnu++20";
				CLANG_ENABLE_MODULES = YES;
				CLANG_ENABLE_OBJC_ARC = YES;
				CLANG_ENABLE_OBJC_WEAK = YES;
				CLANG_WARN_BLOCK_CAPTURE_AUTORELEASING = YES;
				CLANG_WARN_BOOL_CONVERSION = YES;
				CLANG_WARN_COMMA = YES;
				CLANG_WARN_CONSTANT_CONVERSION = YES;
				CLANG_WARN_DEPRECATED_OBJC_IMPLEMENTATIONS = YES;
				CLANG_WARN_DIRECT_OBJC_ISA_USAGE = YES_ERROR;
				CLANG_WARN_DOCUMENTATION_COMMENTS = YES;
				CLANG_WARN_EMPTY_BODY = YES;
				CLANG_WARN_ENUM_CONVERSION = YES;
				CLANG_WARN_INFINITE_RECURSION = YES;
				CLANG_WARN_INT_CONVERSION = YES;
				CLANG_WARN_NON_LITERAL_NULL_CONVERSION = YES;
				CLANG_WARN_OBJC_IMPLICIT_RETAIN_SELF = YES;
				CLANG_WARN_OBJC_LITERAL_CONVERSION = YES;
				CLANG_WARN_OBJC_ROOT_CLASS = YES_ERROR;
				CLANG_WARN_QUOTED_INCLUDE_IN_FRAMEWORK_HEADER = YES;
				CLANG_WARN_RANGE_LOOP_ANALYSIS = YES;
				CLANG_WARN_STRICT_PROTOTYPES = YES;
				CLANG_WARN_SUSPICIOUS_MOVE = YES;
				CLANG_WARN_UNGUARDED_AVAILABILITY = YES_AGGRESSIVE;
				CLANG_WARN_UNREACHABLE_CODE = YES;
				CLANG_WARN__DUPLICATE_METHOD_MATCH = YES;
				COPY_PHASE_STRIP = NO;
				DEBUG_INFORMATION_FORMAT = dwarf;
				DEVELOPMENT_TEAM = KV543SGDSY;
				ENABLE_STRICT_OBJC_MSGSEND = YES;
				ENABLE_TESTABILITY = YES;
				ENABLE_USER_SCRIPT_SANDBOXING = YES;
				GCC_C_LANGUAGE_STANDARD = gnu17;
				GCC_DYNAMIC_NO_PIC = NO;
				GCC_NO_COMMON_BLOCKS = YES;
				GCC_OPTIMIZATION_LEVEL = 0;
				GCC_PREPROCESSOR_DEFINITIONS = (
					"DEBUG=1",
					"$(inherited)",
				);
				GCC_WARN_64_TO_32_BIT_CONVERSION = YES;
				GCC_WARN_ABOUT_RETURN_TYPE = YES_ERROR;
				GCC_WARN_UNDECLARED_SELECTOR = YES;
				GCC_WARN_UNINITIALIZED_AUTOS = YES_AGGRESSIVE;
				GCC_WARN_UNUSED_FUNCTION = YES;
				GCC_WARN_UNUSED_VARIABLE = YES;
				IPHONEOS_DEPLOYMENT_TARGET = 18.5;
				LOCALIZATION_PREFERS_STRING_CATALOGS = YES;
				MTL_ENABLE_DEBUG_INFO = INCLUDE_SOURCE;
				MTL_FAST_MATH = YES;
				ONLY_ACTIVE_ARCH = YES;
				SDKROOT = iphoneos;
				SWIFT_ACTIVE_COMPILATION_CONDITIONS = "DEBUG $(inherited)";
				SWIFT_OPTIMIZATION_LEVEL = "-Onone";
			};
			name = Debug;
		};
		5D3477842EA0F36D00E9CA25 /* Release */ = {
			isa = XCBuildConfiguration;
			buildSettings = {
				ALWAYS_SEARCH_USER_PATHS = NO;
				ASSETCATALOG_COMPILER_GENERATE_SWIFT_ASSET_SYMBOL_EXTENSIONS = YES;
				CLANG_ANALYZER_NONNULL = YES;
				CLANG_ANALYZER_NUMBER_OBJECT_CONVERSION = YES_AGGRESSIVE;
				CLANG_CXX_LANGUAGE_STANDARD = "gnu++20";
				CLANG_ENABLE_MODULES = YES;
				CLANG_ENABLE_OBJC_ARC = YES;
				CLANG_ENABLE_OBJC_WEAK = YES;
				CLANG_WARN_BLOCK_CAPTURE_AUTORELEASING = YES;
				CLANG_WARN_BOOL_CONVERSION = YES;
				CLANG_WARN_COMMA = YES;
				CLANG_WARN_CONSTANT_CONVERSION = YES;
				CLANG_WARN_DEPRECATED_OBJC_IMPLEMENTATIONS = YES;
				CLANG_WARN_DIRECT_OBJC_ISA_USAGE = YES_ERROR;
				CLANG_WARN_DOCUMENTATION_COMMENTS = YES;
				CLANG_WARN_EMPTY_BODY = YES;
				CLANG_WARN_ENUM_CONVERSION = YES;
				CLANG_WARN_INFINITE_RECURSION = YES;
				CLANG_WARN_INT_CONVERSION = YES;
				CLANG_WARN_NON_LITERAL_NULL_CONVERSION = YES;
				CLANG_WARN_OBJC_IMPLICIT_RETAIN_SELF = YES;
				CLANG_WARN_OBJC_LITERAL_CONVERSION = YES;
				CLANG_WARN_OBJC_ROOT_CLASS = YES_ERROR;
				CLANG_WARN_QUOTED_INCLUDE_IN_FRAMEWORK_HEADER = YES;
				CLANG_WARN_RANGE_LOOP_ANALYSIS = YES;
				CLANG_WARN_STRICT_PROTOTYPES = YES;
				CLANG_WARN_SUSPICIOUS_MOVE = YES;
				CLANG_WARN_UNGUARDED_AVAILABILITY = YES_AGGRESSIVE;
				CLANG_WARN_UNREACHABLE_CODE = YES;
				CLANG_WARN__DUPLICATE_METHOD_MATCH = YES;
				COPY_PHASE_STRIP = NO;
				DEBUG_INFORMATION_FORMAT = "dwarf-with-dsym";
				DEVELOPMENT_TEAM = KV543SGDSY;
				ENABLE_NS_ASSERTIONS = NO;
				ENABLE_STRICT_OBJC_MSGSEND = YES;
				ENABLE_USER_SCRIPT_SANDBOXING = YES;
				GCC_C_LANGUAGE_STANDARD = gnu17;
				GCC_NO_COMMON_BLOCKS = YES;
				GCC_WARN_64_TO_32_BIT_CONVERSION = YES;
				GCC_WARN_ABOUT_RETURN_TYPE = YES_ERROR;
				GCC_WARN_UNDECLARED_SELECTOR = YES;
				GCC_WARN_UNINITIALIZED_AUTOS = YES_AGGRESSIVE;
				GCC_WARN_UNUSED_FUNCTION = YES;
				GCC_WARN_UNUSED_VARIABLE = YES;
				IPHONEOS_DEPLOYMENT_TARGET = 18.5;
				LOCALIZATION_PREFERS_STRING_CATALOGS = YES;
				MTL_ENABLE_DEBUG_INFO = NO;
				MTL_FAST_MATH = YES;
				SDKROOT = iphoneos;
				SWIFT_COMPILATION_MODE = wholemodule;
				VALIDATE_PRODUCT = YES;
			};
			name = Release;
		};
		5D3477862EA0F36D00E9CA25 /* Debug */ = {
			isa = XCBuildConfiguration;
			buildSettings = {
				ASSETCATALOG_COMPILER_APPICON_NAME = AppIcon;
				ASSETCATALOG_COMPILER_GLOBAL_ACCENT_COLOR_NAME = AccentColor;
				CODE_SIGN_STYLE = Automatic;
				CURRENT_PROJECT_VERSION = 1;
				DEVELOPMENT_TEAM = KV543SGDSY;
				ENABLE_PREVIEWS = YES;
				GENERATE_INFOPLIST_FILE = YES;
				INFOPLIST_KEY_UIApplicationSceneManifest_Generation = YES;
				INFOPLIST_KEY_UIApplicationSupportsIndirectInputEvents = YES;
				INFOPLIST_KEY_UILaunchScreen_Generation = YES;
				INFOPLIST_KEY_UISupportedInterfaceOrientations_iPad = "UIInterfaceOrientationPortrait UIInterfaceOrientationPortraitUpsideDown UIInterfaceOrientationLandscapeLeft UIInterfaceOrientationLandscapeRight";
				INFOPLIST_KEY_UISupportedInterfaceOrientations_iPhone = "UIInterfaceOrientationPortrait UIInterfaceOrientationLandscapeLeft UIInterfaceOrientationLandscapeRight";
				LD_RUNPATH_SEARCH_PATHS = (
					"$(inherited)",
					"@executable_path/Frameworks",
				);
				MARKETING_VERSION = 1.0;
				PRODUCT_BUNDLE_IDENTIFIER = com.alejandromoralesdev.RickAndMorty;
				PRODUCT_NAME = "$(TARGET_NAME)";
				SWIFT_EMIT_LOC_STRINGS = YES;
				SWIFT_VERSION = 5.0;
				TARGETED_DEVICE_FAMILY = "1,2";
			};
			name = Debug;
		};
		5D3477872EA0F36D00E9CA25 /* Release */ = {
			isa = XCBuildConfiguration;
			buildSettings = {
				ASSETCATALOG_COMPILER_APPICON_NAME = AppIcon;
				ASSETCATALOG_COMPILER_GLOBAL_ACCENT_COLOR_NAME = AccentColor;
				CODE_SIGN_STYLE = Automatic;
				CURRENT_PROJECT_VERSION = 1;
				DEVELOPMENT_TEAM = KV543SGDSY;
				ENABLE_PREVIEWS = YES;
				GENERATE_INFOPLIST_FILE = YES;
				INFOPLIST_KEY_UIApplicationSceneManifest_Generation = YES;
				INFOPLIST_KEY_UIApplicationSupportsIndirectInputEvents = YES;
				INFOPLIST_KEY_UILaunchScreen_Generation = YES;
				INFOPLIST_KEY_UISupportedInterfaceOrientations_iPad = "UIInterfaceOrientationPortrait UIInterfaceOrientationPortraitUpsideDown UIInterfaceOrientationLandscapeLeft UIInterfaceOrientationLandscapeRight";
				INFOPLIST_KEY_UISupportedInterfaceOrientations_iPhone = "UIInterfaceOrientationPortrait UIInterfaceOrientationLandscapeLeft UIInterfaceOrientationLandscapeRight";
				LD_RUNPATH_SEARCH_PATHS = (
					"$(inherited)",
					"@executable_path/Frameworks",
				);
				MARKETING_VERSION = 1.0;
				PRODUCT_BUNDLE_IDENTIFIER = com.alejandromoralesdev.RickAndMorty;
				PRODUCT_NAME = "$(TARGET_NAME)";
				SWIFT_EMIT_LOC_STRINGS = YES;
				SWIFT_VERSION = 5.0;
				TARGETED_DEVICE_FAMILY = "1,2";
			};
			name = Release;
		};
		5D3477892EA0F36D00E9CA25 /* Debug */ = {
			isa = XCBuildConfiguration;
			buildSettings = {
				BUNDLE_LOADER = "$(TEST_HOST)";
				CODE_SIGN_STYLE = Automatic;
				CURRENT_PROJECT_VERSION = 1;
				DEVELOPMENT_TEAM = KV543SGDSY;
				GENERATE_INFOPLIST_FILE = YES;
				IPHONEOS_DEPLOYMENT_TARGET = 18.5;
				MARKETING_VERSION = 1.0;
				PRODUCT_BUNDLE_IDENTIFIER = com.alejandromoralesdev.RickAndMortyTests;
				PRODUCT_NAME = "$(TARGET_NAME)";
				SWIFT_EMIT_LOC_STRINGS = NO;
				SWIFT_VERSION = 5.0;
				TARGETED_DEVICE_FAMILY = "1,2";
				TEST_HOST = "$(BUILT_PRODUCTS_DIR)/RickAndMorty.app/$(BUNDLE_EXECUTABLE_FOLDER_PATH)/RickAndMorty";
			};
			name = Debug;
		};
		5D34778A2EA0F36D00E9CA25 /* Release */ = {
			isa = XCBuildConfiguration;
			buildSettings = {
				BUNDLE_LOADER = "$(TEST_HOST)";
				CODE_SIGN_STYLE = Automatic;
				CURRENT_PROJECT_VERSION = 1;
				DEVELOPMENT_TEAM = KV543SGDSY;
				GENERATE_INFOPLIST_FILE = YES;
				IPHONEOS_DEPLOYMENT_TARGET = 18.5;
				MARKETING_VERSION = 1.0;
				PRODUCT_BUNDLE_IDENTIFIER = com.alejandromoralesdev.RickAndMortyTests;
				PRODUCT_NAME = "$(TARGET_NAME)";
				SWIFT_EMIT_LOC_STRINGS = NO;
				SWIFT_VERSION = 5.0;
				TARGETED_DEVICE_FAMILY = "1,2";
				TEST_HOST = "$(BUILT_PRODUCTS_DIR)/RickAndMorty.app/$(BUNDLE_EXECUTABLE_FOLDER_PATH)/RickAndMorty";
			};
			name = Release;
		};
		5D34778C2EA0F36D00E9CA25 /* Debug */ = {
			isa = XCBuildConfiguration;
			buildSettings = {
				CODE_SIGN_STYLE = Automatic;
				CURRENT_PROJECT_VERSION = 1;
				DEVELOPMENT_TEAM = KV543SGDSY;
				GENERATE_INFOPLIST_FILE = YES;
				MARKETING_VERSION = 1.0;
				PRODUCT_BUNDLE_IDENTIFIER = com.alejandromoralesdev.RickAndMortyUITests;
				PRODUCT_NAME = "$(TARGET_NAME)";
				SWIFT_EMIT_LOC_STRINGS = NO;
				SWIFT_VERSION = 5.0;
				TARGETED_DEVICE_FAMILY = "1,2";
				TEST_TARGET_NAME = RickAndMorty;
			};
			name = Debug;
		};
		5D34778D2EA0F36D00E9CA25 /* Release */ = {
			isa = XCBuildConfiguration;
			buildSettings = {
				CODE_SIGN_STYLE = Automatic;
				CURRENT_PROJECT_VERSION = 1;
				DEVELOPMENT_TEAM = KV543SGDSY;
				GENERATE_INFOPLIST_FILE = YES;
				MARKETING_VERSION = 1.0;
				PRODUCT_BUNDLE_IDENTIFIER = com.alejandromoralesdev.RickAndMortyUITests;
				PRODUCT_NAME = "$(TARGET_NAME)";
				SWIFT_EMIT_LOC_STRINGS = NO;
				SWIFT_VERSION = 5.0;
				TARGETED_DEVICE_FAMILY = "1,2";
				TEST_TARGET_NAME = RickAndMorty;
			};
			name = Release;
		};
/* End XCBuildConfiguration section */

/* Begin XCConfigurationList section */
		5D34775F2EA0F36900E9CA25 /* Build configuration list for PBXProject "RickAndMorty" */ = {
			isa = XCConfigurationList;
			buildConfigurations = (
				5D3477832EA0F36D00E9CA25 /* Debug */,
				5D3477842EA0F36D00E9CA25 /* Release */,
			);
			defaultConfigurationIsVisible = 0;
			defaultConfigurationName = Release;
		};
		5D3477852EA0F36D00E9CA25 /* Build configuration list for PBXNativeTarget "RickAndMorty" */ = {
			isa = XCConfigurationList;
			buildConfigurations = (
				5D3477862EA0F36D00E9CA25 /* Debug */,
				5D3477872EA0F36D00E9CA25 /* Release */,
			);
			defaultConfigurationIsVisible = 0;
			defaultConfigurationName = Release;
		};
		5D3477882EA0F36D00E9CA25 /* Build configuration list for PBXNativeTarget "RickAndMortyTests" */ = {
			isa = XCConfigurationList;
			buildConfigurations = (
				5D3477892EA0F36D00E9CA25 /* Debug */,
				5D34778A2EA0F36D00E9CA25 /* Release */,
			);
			defaultConfigurationIsVisible = 0;
			defaultConfigurationName = Release;
		};
		5D34778B2EA0F36D00E9CA25 /* Build configuration list for PBXNativeTarget "RickAndMortyUITests" */ = {
			isa = XCConfigurationList;
			buildConfigurations = (
				5D34778C2EA0F36D00E9CA25 /* Debug */,
				5D34778D2EA0F36D00E9CA25 /* Release */,
			);
			defaultConfigurationIsVisible = 0;
			defaultConfigurationName = Release;
		};
/* End XCConfigurationList section */
	};
	rootObject = 5D34775C2EA0F36900E9CA25 /* Project object */;
}
